<?xml version="1.0" encoding="utf-8"?>
<Project ToolsVersion="4.0" xmlns="http://schemas.microsoft.com/developer/msbuild/2003">
   <ItemGroup>
      <Filter Include="Source Files">
         <UniqueIdentifier>{252dbc68-898d-4def-b8d9-211da3cc6467}</UniqueIdentifier>
         <Extensions>cpp;c;cxx;rc;def;r;odl;idl;hpj;bat;cc</Extensions>
      </Filter>
      <Filter Include="Source Files\source">
         <UniqueIdentifier>{f1b415d6-f7ce-46b7-8519-387f602b3a07}</UniqueIdentifier>
      </Filter>
   </ItemGroup>
  <ItemGroup>
    <ResourceCompile Include="Torque.rc">
      <Filter>Source Files</Filter>
    </ResourceCompile>
  </ItemGroup>
   <ItemGroup>
      <ClCompile Include="..\..\..\..\..\Engine\source\main\main.cpp">
         <Filter>Source Files\source</Filter>
      </ClCompile>
   </ItemGroup>
   <ItemGroup>
   </ItemGroup>
   <ItemGroup>
   </ItemGroup>
</Project>